
Microsoft Visual Studio Solution File, Format Version 12.00
# Visual Studio Version 16
VisualStudioVersion = 16.0.30204.135
MinimumVisualStudioVersion = 10.0.40219.1
Project("{FAE04EC0-301F-11D3-BF4B-00C04F79EFBC}") = "BMI", "BMI\BMI.csproj", "{ADC362E9-C798-4477-B831-325CA8E2861C}"
EndProject
Global
	GlobalSection(SolutionConfigurationPlatforms) = preSolution
		Debug|Any CPU = Debug|Any CPU
		Release|Any CPU = Release|Any CPU
	EndGlobalSection
	GlobalSection(ProjectConfigurationPlatforms) = postSolution
		{ADC362E9-C798-4477-B831-325CA8E2861C}.Debug|Any CPU.ActiveCfg = Debug|Any CPU
		{ADC362E9-C798-4477-B831-325CA8E2861C}.Debug|Any CPU.Build.0 = Debug|Any CPU
		{ADC362E9-C798-4477-B831-325CA8E2861C}.Release|Any CPU.ActiveCfg = Release|Any CPU
		{ADC362E9-C798-4477-B831-325CA8E2861C}.Release|Any CPU.Build.0 = Release|Any CPU
	EndGlobalSection
	GlobalSection(SolutionProperties) = preSolution
		HideSolutionNode = FALSE
	EndGlobalSection
	GlobalSection(ExtensibilityGlobals) = postSolution
		SolutionGuid = {7B9C259E-1263-40AB-8FA9-473DC6AD57BA}
	EndGlobalSection
EndGlobal
